
Microsoft Visual Studio Solution File, Format Version 12.00
# Visual Studio 15
Project("{FAE04EC0-301F-11D3-BF4B-00C04F79EFBC}") = "Assembly-CSharp", "Assembly-CSharp.csproj", "{150081A8-84EB-9892-DB9F-CC229FF548F8}"
EndProject
Project("{FAE04EC0-301F-11D3-BF4B-00C04F79EFBC}") = "Assembly-CSharp-Editor", "Assembly-CSharp-Editor.csproj", "{CA524DE1-34A0-A73F-544F-4FAB44F4C605}"
EndProject
Global
	GlobalSection(SolutionConfigurationPlatforms) = preSolution
		Debug|Any CPU = Debug|Any CPU
		Release|Any CPU = Release|Any CPU
	EndGlobalSection
	GlobalSection(ProjectConfigurationPlatforms) = postSolution
		{150081A8-84EB-9892-DB9F-CC229FF548F8}.Debug|Any CPU.ActiveCfg = Debug|Any CPU
		{150081A8-84EB-9892-DB9F-CC229FF548F8}.Debug|Any CPU.Build.0 = Debug|Any CPU
		{150081A8-84EB-9892-DB9F-CC229FF548F8}.Release|Any CPU.ActiveCfg = Release|Any CPU
		{150081A8-84EB-9892-DB9F-CC229FF548F8}.Release|Any CPU.Build.0 = Release|Any CPU
		{CA524DE1-34A0-A73F-544F-4FAB44F4C605}.Debug|Any CPU.ActiveCfg = Debug|Any CPU
		{CA524DE1-34A0-A73F-544F-4FAB44F4C605}.Debug|Any CPU.Build.0 = Debug|Any CPU
		{CA524DE1-34A0-A73F-544F-4FAB44F4C605}.Release|Any CPU.ActiveCfg = Release|Any CPU
		{CA524DE1-34A0-A73F-544F-4FAB44F4C605}.Release|Any CPU.Build.0 = Release|Any CPU
	EndGlobalSection
	GlobalSection(SolutionProperties) = preSolution
		HideSolutionNode = FALSE
	EndGlobalSection
EndGlobal
